// !$*UTF8*$!
{
	archiveVersion = 1;
	classes = {
	};
	objectVersion = 46;
	objects = {

/* Begin PBXBuildFile section */
		3701B2B31DA82E2000E7E700 /* Action.swift in Sources */ = {isa = PBXBuildFile; fileRef = 3701B2B21DA82E2000E7E700 /* Action.swift */; };
		372F32B11DA813B3004C61D6 /* Application.swift in Sources */ = {isa = PBXBuildFile; fileRef = 372F329B1DA813B3004C61D6 /* Application.swift */; };
		372F32B21DA813B3004C61D6 /* Button.swift in Sources */ = {isa = PBXBuildFile; fileRef = 372F329C1DA813B3004C61D6 /* Button.swift */; };
		372F32B31DA813B3004C61D6 /* Cocoa.swift in Sources */ = {isa = PBXBuildFile; fileRef = 372F329D1DA813B3004C61D6 /* Cocoa.swift */; };
		372F32B41DA813B3004C61D6 /* Color.swift in Sources */ = {isa = PBXBuildFile; fileRef = 372F329E1DA813B3004C61D6 /* Color.swift */; };
		372F32B51DA813B3004C61D6 /* Control.swift in Sources */ = {isa = PBXBuildFile; fileRef = 372F329F1DA813B3004C61D6 /* Control.swift */; };
		372F32B61DA813B3004C61D6 /* Nib.swift in Sources */ = {isa = PBXBuildFile; fileRef = 372F32A01DA813B3004C61D6 /* Nib.swift */; };
		372F32B71DA813B3004C61D6 /* Screen.swift in Sources */ = {isa = PBXBuildFile; fileRef = 372F32A11DA813B3004C61D6 /* Screen.swift */; };
		372F32B81DA813B3004C61D6 /* ToImplement.swift in Sources */ = {isa = PBXBuildFile; fileRef = 372F32A21DA813B3004C61D6 /* ToImplement.swift */; };
		372F32B91DA813B3004C61D6 /* View.swift in Sources */ = {isa = PBXBuildFile; fileRef = 372F32A31DA813B3004C61D6 /* View.swift */; };
		372F32BA1DA813B3004C61D6 /* ViewController.swift in Sources */ = {isa = PBXBuildFile; fileRef = 372F32A41DA813B3004C61D6 /* ViewController.swift */; };
		372F32BB1DA813B3004C61D6 /* Window.swift in Sources */ = {isa = PBXBuildFile; fileRef = 372F32A51DA813B3004C61D6 /* Window.swift */; };
		372F32BD1DA813B3004C61D6 /* Callbacks.swift in Sources */ = {isa = PBXBuildFile; fileRef = 372F32A91DA813B3004C61D6 /* Callbacks.swift */; };
		372F32BE1DA813B3004C61D6 /* ContainerView.swift in Sources */ = {isa = PBXBuildFile; fileRef = 372F32AB1DA813B3004C61D6 /* ContainerView.swift */; };
		372F32BF1DA813B3004C61D6 /* Macros.swift in Sources */ = {isa = PBXBuildFile; fileRef = 372F32AC1DA813B3004C61D6 /* Macros.swift */; };
		372F32C01DA813B3004C61D6 /* main.swift in Sources */ = {isa = PBXBuildFile; fileRef = 372F32AD1DA813B3004C61D6 /* main.swift */; };
		372F32C11DA813B3004C61D6 /* MainNibSample.swift in Sources */ = {isa = PBXBuildFile; fileRef = 372F32AF1DA813B3004C61D6 /* MainNibSample.swift */; };
		372F32C21DA813B3004C61D6 /* SimpleApplicationDelegate.swift in Sources */ = {isa = PBXBuildFile; fileRef = 372F32B01DA813B3004C61D6 /* SimpleApplicationDelegate.swift */; };
/* End PBXBuildFile section */

/* Begin PBXFileReference section */
		3701B2B21DA82E2000E7E700 /* Action.swift */ = {isa = PBXFileReference; fileEncoding = 4; lastKnownFileType = sourcecode.swift; path = Action.swift; sourceTree = "<group>"; };
		372F329B1DA813B3004C61D6 /* Application.swift */ = {isa = PBXFileReference; fileEncoding = 4; lastKnownFileType = sourcecode.swift; path = Application.swift; sourceTree = "<group>"; };
		372F329C1DA813B3004C61D6 /* Button.swift */ = {isa = PBXFileReference; fileEncoding = 4; lastKnownFileType = sourcecode.swift; path = Button.swift; sourceTree = "<group>"; };
		372F329D1DA813B3004C61D6 /* Cocoa.swift */ = {isa = PBXFileReference; fileEncoding = 4; lastKnownFileType = sourcecode.swift; path = Cocoa.swift; sourceTree = "<group>"; };
		372F329E1DA813B3004C61D6 /* Color.swift */ = {isa = PBXFileReference; fileEncoding = 4; lastKnownFileType = sourcecode.swift; path = Color.swift; sourceTree = "<group>"; };
		372F329F1DA813B3004C61D6 /* Control.swift */ = {isa = PBXFileReference; fileEncoding = 4; lastKnownFileType = sourcecode.swift; path = Control.swift; sourceTree = "<group>"; };
		372F32A01DA813B3004C61D6 /* Nib.swift */ = {isa = PBXFileReference; fileEncoding = 4; lastKnownFileType = sourcecode.swift; path = Nib.swift; sourceTree = "<group>"; };
		372F32A11DA813B3004C61D6 /* Screen.swift */ = {isa = PBXFileReference; fileEncoding = 4; lastKnownFileType = sourcecode.swift; path = Screen.swift; sourceTree = "<group>"; };
		372F32A21DA813B3004C61D6 /* ToImplement.swift */ = {isa = PBXFileReference; fileEncoding = 4; lastKnownFileType = sourcecode.swift; path = ToImplement.swift; sourceTree = "<group>"; };
		372F32A31DA813B3004C61D6 /* View.swift */ = {isa = PBXFileReference; fileEncoding = 4; lastKnownFileType = sourcecode.swift; path = View.swift; sourceTree = "<group>"; };
		372F32A41DA813B3004C61D6 /* ViewController.swift */ = {isa = PBXFileReference; fileEncoding = 4; lastKnownFileType = sourcecode.swift; path = ViewController.swift; sourceTree = "<group>"; };
		372F32A51DA813B3004C61D6 /* Window.swift */ = {isa = PBXFileReference; fileEncoding = 4; lastKnownFileType = sourcecode.swift; path = Window.swift; sourceTree = "<group>"; };
		372F32A91DA813B3004C61D6 /* Callbacks.swift */ = {isa = PBXFileReference; fileEncoding = 4; lastKnownFileType = sourcecode.swift; path = Callbacks.swift; sourceTree = "<group>"; };
		372F32AB1DA813B3004C61D6 /* ContainerView.swift */ = {isa = PBXFileReference; fileEncoding = 4; lastKnownFileType = sourcecode.swift; path = ContainerView.swift; sourceTree = "<group>"; };
		372F32AC1DA813B3004C61D6 /* Macros.swift */ = {isa = PBXFileReference; fileEncoding = 4; lastKnownFileType = sourcecode.swift; path = Macros.swift; sourceTree = "<group>"; };
		372F32AD1DA813B3004C61D6 /* main.swift */ = {isa = PBXFileReference; fileEncoding = 4; lastKnownFileType = sourcecode.swift; path = main.swift; sourceTree = "<group>"; };
		372F32AF1DA813B3004C61D6 /* MainNibSample.swift */ = {isa = PBXFileReference; fileEncoding = 4; lastKnownFileType = sourcecode.swift; path = MainNibSample.swift; sourceTree = "<group>"; };
		372F32B01DA813B3004C61D6 /* SimpleApplicationDelegate.swift */ = {isa = PBXFileReference; fileEncoding = 4; lastKnownFileType = sourcecode.swift; path = SimpleApplicationDelegate.swift; sourceTree = "<group>"; };
		__PBXFileRef_Coconut.xcodeproj/Configs/Project.xcconfig /* Coconut.xcodeproj/Configs/Project.xcconfig */ = {isa = PBXFileReference; lastKnownFileType = text.xcconfig; path = Coconut.xcodeproj/Configs/Project.xcconfig; sourceTree = "<group>"; };
		__PBXFileRef_Package.swift /* Package.swift */ = {isa = PBXFileReference; lastKnownFileType = sourcecode.swift; path = Package.swift; sourceTree = "<group>"; };
		"_____Product_Coconut" /* Coconut */ = {isa = PBXFileReference; explicitFileType = "compiled.mach-o.executable"; path = Coconut; sourceTree = BUILT_PRODUCTS_DIR; };
/* End PBXFileReference section */

/* Begin PBXFrameworksBuildPhase section */
		"___LinkPhase_Coconut" /* Frameworks */ = {
			isa = PBXFrameworksBuildPhase;
			buildActionMask = 0;
			files = (
			);
			runOnlyForDeploymentPostprocessing = 0;
		};
/* End PBXFrameworksBuildPhase section */

/* Begin PBXGroup section */
		372F32991DA813B3004C61D6 /* Coconut */ = {
			isa = PBXGroup;
			children = (
				372F329A1DA813B3004C61D6 /* Application */,
				372F32A81DA813B3004C61D6 /* Gtk */,
				372F32AD1DA813B3004C61D6 /* main.swift */,
				372F32AE1DA813B3004C61D6 /* Sample */,
			);
			name = Coconut;
			path = Sources/Coconut;
			sourceTree = "<group>";
		};
		372F329A1DA813B3004C61D6 /* Application */ = {
			isa = PBXGroup;
			children = (
				372F329B1DA813B3004C61D6 /* Application.swift */,
				372F329C1DA813B3004C61D6 /* Button.swift */,
				372F329D1DA813B3004C61D6 /* Cocoa.swift */,
				372F329E1DA813B3004C61D6 /* Color.swift */,
				372F329F1DA813B3004C61D6 /* Control.swift */,
				3701B2B21DA82E2000E7E700 /* Action.swift */,
				372F32A01DA813B3004C61D6 /* Nib.swift */,
				372F32A11DA813B3004C61D6 /* Screen.swift */,
				372F32A21DA813B3004C61D6 /* ToImplement.swift */,
				372F32A31DA813B3004C61D6 /* View.swift */,
				372F32A41DA813B3004C61D6 /* ViewController.swift */,
				372F32A51DA813B3004C61D6 /* Window.swift */,
			);
			path = Application;
			sourceTree = "<group>";
		};
		372F32A81DA813B3004C61D6 /* Gtk */ = {
			isa = PBXGroup;
			children = (
				372F32A91DA813B3004C61D6 /* Callbacks.swift */,
				372F32AB1DA813B3004C61D6 /* ContainerView.swift */,
				372F32AC1DA813B3004C61D6 /* Macros.swift */,
			);
			path = Gtk;
			sourceTree = "<group>";
		};
		372F32AE1DA813B3004C61D6 /* Sample */ = {
			isa = PBXGroup;
			children = (
				372F32AF1DA813B3004C61D6 /* MainNibSample.swift */,
				372F32B01DA813B3004C61D6 /* SimpleApplicationDelegate.swift */,
			);
			path = Sample;
			sourceTree = "<group>";
		};
		"___RootGroup_" = {
			isa = PBXGroup;
			children = (
				__PBXFileRef_Package.swift /* Package.swift */,
				"_____Configs_" /* Configs */,
				"_____Sources_" /* Sources */,
				"____Products_" /* Products */,
			);
			sourceTree = "<group>";
		};
		"____Products_" /* Products */ = {
			isa = PBXGroup;
			children = (
				"_____Product_Coconut" /* Coconut */,
			);
			name = Products;
			sourceTree = "<group>";
		};
		"_____Configs_" /* Configs */ = {
			isa = PBXGroup;
			children = (
				__PBXFileRef_Coconut.xcodeproj/Configs/Project.xcconfig /* Coconut.xcodeproj/Configs/Project.xcconfig */,
			);
			name = Configs;
			sourceTree = "<group>";
		};
		"_____Sources_" /* Sources */ = {
			isa = PBXGroup;
			children = (
				372F32991DA813B3004C61D6 /* Coconut */,
			);
			name = Sources;
			sourceTree = "<group>";
		};
/* End PBXGroup section */

/* Begin PBXNativeTarget section */
		"______Target_Coconut" /* Coconut */ = {
			isa = PBXNativeTarget;
			buildConfigurationList = "_______Confs_Coconut" /* Build configuration list for PBXNativeTarget "Coconut" */;
			buildPhases = (
				CompilePhase_Coconut /* Sources */,
				"___LinkPhase_Coconut" /* Frameworks */,
			);
			buildRules = (
			);
			dependencies = (
			);
			name = Coconut;
			productName = Coconut;
			productReference = "_____Product_Coconut" /* Coconut */;
			productType = "com.apple.product-type.tool";
		};
/* End PBXNativeTarget section */

/* Begin PBXProject section */
		__RootObject_ /* Project object */ = {
			isa = PBXProject;
			attributes = {
				LastUpgradeCheck = 9999;
			};
			buildConfigurationList = "___RootConfs_" /* Build configuration list for PBXProject "Coconut" */;
			compatibilityVersion = "Xcode 3.2";
			developmentRegion = English;
			hasScannedForEncodings = 0;
			knownRegions = (
				en,
			);
			mainGroup = "___RootGroup_";
			productRefGroup = "____Products_" /* Products */;
			projectDirPath = "";
			projectRoot = "";
			targets = (
				"______Target_Coconut" /* Coconut */,
			);
		};
/* End PBXProject section */

/* Begin PBXSourcesBuildPhase section */
		CompilePhase_Coconut /* Sources */ = {
			isa = PBXSourcesBuildPhase;
			buildActionMask = 0;
			files = (
				372F32BA1DA813B3004C61D6 /* ViewController.swift in Sources */,
				3701B2B31DA82E2000E7E700 /* Action.swift in Sources */,
				372F32B71DA813B3004C61D6 /* Screen.swift in Sources */,
				372F32B31DA813B3004C61D6 /* Cocoa.swift in Sources */,
				372F32B81DA813B3004C61D6 /* ToImplement.swift in Sources */,
				372F32BD1DA813B3004C61D6 /* Callbacks.swift in Sources */,
				372F32B61DA813B3004C61D6 /* Nib.swift in Sources */,
				372F32BF1DA813B3004C61D6 /* Macros.swift in Sources */,
				372F32B41DA813B3004C61D6 /* Color.swift in Sources */,
				372F32B91DA813B3004C61D6 /* View.swift in Sources */,
				372F32B51DA813B3004C61D6 /* Control.swift in Sources */,
				372F32C01DA813B3004C61D6 /* main.swift in Sources */,
				372F32B11DA813B3004C61D6 /* Application.swift in Sources */,
				372F32B21DA813B3004C61D6 /* Button.swift in Sources */,
				372F32BB1DA813B3004C61D6 /* Window.swift in Sources */,
				372F32BE1DA813B3004C61D6 /* ContainerView.swift in Sources */,
				372F32C11DA813B3004C61D6 /* MainNibSample.swift in Sources */,
				372F32C21DA813B3004C61D6 /* SimpleApplicationDelegate.swift in Sources */,
			);
			runOnlyForDeploymentPostprocessing = 0;
		};
/* End PBXSourcesBuildPhase section */

/* Begin XCBuildConfiguration section */
		_ReleaseConf_Coconut /* Release */ = {
			isa = XCBuildConfiguration;
			buildSettings = {
				FRAMEWORK_SEARCH_PATHS = "$(PLATFORM_DIR)/Developer/Library/Frameworks";
				HEADER_SEARCH_PATHS = "/Users/dami/XCode/Creabox/Coconut/Packages/CGtk-1.0.0";
				LD_RUNPATH_SEARCH_PATHS = "$(TOOLCHAIN_DIR)/usr/lib/swift/macosx @executable_path";
				OTHER_LDFLAGS = (
					"$(inherited)",
					"-L/usr/local/Cellar/gtk+3/3.22.1/lib",
					"-lgtk-3",
					"-L/usr/local/Cellar/gtk+3/3.22.1/lib",
					"-lgdk-3",
					"-L/usr/local/Cellar/pango/1.40.3/lib",
					"-lpango-1.0",
					"-L/usr/local/Cellar/glib/2.50.0/lib",
					"-lglib-2.0",
					"-L/usr/local/opt/gettext/lib",
					"-lintl",
					"-L/usr/local/Cellar/glib/2.50.0/lib",
					"-lgobject-2.0",
					"-L/usr/local/Cellar/glib/2.50.0/lib",
					"-lglib-2.0",
					"-L/usr/local/opt/gettext/lib",
					"-lintl",
					"-L/usr/local/Cellar/pango/1.40.3/lib",
					"-lpangocairo-1.0",
					"-L/usr/local/Cellar/pango/1.40.3/lib",
					"-lpango-1.0",
					"-L/usr/local/Cellar/glib/2.50.0/lib",
					"-lglib-2.0",
					"-L/usr/local/opt/gettext/lib",
					"-lintl",
					"-L/usr/local/Cellar/glib/2.50.0/lib",
					"-lgobject-2.0",
					"-L/usr/local/Cellar/glib/2.50.0/lib",
					"-lglib-2.0",
					"-L/usr/local/opt/gettext/lib",
					"-lintl",
					"-L/usr/local/Cellar/cairo/1.14.6_1/lib",
					"-lcairo",
					"-L/usr/local/Cellar/gdk-pixbuf/2.36.0/lib",
					"-lgdk_pixbuf-2.0",
					"-L/usr/local/Cellar/glib/2.50.0/lib",
					"-lgobject-2.0",
					"-L/usr/local/Cellar/glib/2.50.0/lib",
					"-lglib-2.0",
					"-L/usr/local/opt/gettext/lib",
					"-lintl",
					"-L/usr/local/Cellar/cairo/1.14.6_1/lib",
					"-lcairo",
					"-L/usr/local/Cellar/cairo/1.14.6_1/lib",
					"-lcairo-gobject",
					"-L/usr/local/Cellar/cairo/1.14.6_1/lib",
					"-lcairo",
					"-L/usr/local/Cellar/glib/2.50.0/lib",
					"-lgobject-2.0",
					"-L/usr/local/Cellar/glib/2.50.0/lib",
					"-lglib-2.0",
					"-L/usr/local/opt/gettext/lib",
					"-lintl",
					"-L/usr/local/Cellar/glib/2.50.0/lib",
					"-lglib-2.0",
					"-L/usr/local/opt/gettext/lib",
					"-lintl",
					"-L/usr/local/Cellar/atk/2.22.0/lib",
					"-latk-1.0",
					"-L/usr/local/Cellar/glib/2.50.0/lib",
					"-lgobject-2.0",
					"-L/usr/local/Cellar/glib/2.50.0/lib",
					"-lglib-2.0",
					"-L/usr/local/opt/gettext/lib",
					"-lintl",
					"-L/usr/local/Cellar/cairo/1.14.6_1/lib",
					"-lcairo",
					"-L/usr/local/Cellar/cairo/1.14.6_1/lib",
					"-lcairo-gobject",
					"-L/usr/local/Cellar/cairo/1.14.6_1/lib",
					"-lcairo",
					"-L/usr/local/Cellar/glib/2.50.0/lib",
					"-lgobject-2.0",
					"-L/usr/local/Cellar/glib/2.50.0/lib",
					"-lglib-2.0",
					"-L/usr/local/opt/gettext/lib",
					"-lintl",
					"-L/usr/local/Cellar/glib/2.50.0/lib",
					"-lglib-2.0",
					"-L/usr/local/opt/gettext/lib",
					"-lintl",
					"-L/usr/local/Cellar/gdk-pixbuf/2.36.0/lib",
					"-lgdk_pixbuf-2.0",
					"-L/usr/local/Cellar/glib/2.50.0/lib",
					"-lgobject-2.0",
					"-L/usr/local/Cellar/glib/2.50.0/lib",
					"-lglib-2.0",
					"-L/usr/local/opt/gettext/lib",
					"-lintl",
					"-L/usr/local/Cellar/glib/2.50.0/lib",
					"-lgio-2.0",
					"-L/usr/local/Cellar/glib/2.50.0/lib",
					"-lglib-2.0",
					"-L/usr/local/opt/gettext/lib",
					"-lintl",
					"-L/usr/local/Cellar/glib/2.50.0/lib",
					"-lgobject-2.0",
					"-L/usr/local/Cellar/glib/2.50.0/lib",
					"-lglib-2.0",
					"-L/usr/local/opt/gettext/lib",
					"-lintl",
				);
				OTHER_SWIFT_FLAGS = "$(inherited) -I/usr/local/Cellar/gtk+3/3.22.1/include/gtk-3.0 -I/usr/local/Cellar/gtk+3/3.22.1/include/gtk-3.0 -I/usr/local/Cellar/pango/1.40.3/include/pango-1.0 -I/usr/local/Cellar/glib/2.50.0/include/glib-2.0 -I/usr/local/Cellar/glib/2.50.0/lib/glib-2.0/include -I/usr/local/opt/gettext/include -I/usr/local/Cellar/glib/2.50.0/include/glib-2.0 -I/usr/local/Cellar/glib/2.50.0/lib/glib-2.0/include -I/usr/local/opt/gettext/include -I/usr/local/Cellar/pango/1.40.3/include/pango-1.0 -I/usr/local/Cellar/pango/1.40.3/include/pango-1.0 -I/usr/local/Cellar/glib/2.50.0/include/glib-2.0 -I/usr/local/Cellar/glib/2.50.0/lib/glib-2.0/include -I/usr/local/opt/gettext/include -I/usr/local/Cellar/glib/2.50.0/include/glib-2.0 -I/usr/local/Cellar/glib/2.50.0/lib/glib-2.0/include -I/usr/local/opt/gettext/include -I/usr/local/Cellar/cairo/1.14.6_1/include/cairo -I/usr/local/Cellar/gdk-pixbuf/2.36.0/include/gdk-pixbuf-2.0 -I/usr/local/Cellar/glib/2.50.0/include/glib-2.0 -I/usr/local/Cellar/glib/2.50.0/lib/glib-2.0/include -I/usr/local/opt/gettext/include -I/usr/local/Cellar/cairo/1.14.6_1/include/cairo -I/usr/local/Cellar/cairo/1.14.6_1/include/cairo -I/usr/local/Cellar/cairo/1.14.6_1/include/cairo -I/usr/local/Cellar/glib/2.50.0/include/glib-2.0 -I/usr/local/Cellar/glib/2.50.0/lib/glib-2.0/include -I/usr/local/opt/gettext/include -I/usr/local/Cellar/glib/2.50.0/include/glib-2.0 -I/usr/local/Cellar/glib/2.50.0/lib/glib-2.0/include -I/usr/local/opt/gettext/include -I/usr/local/Cellar/atk/2.22.0/include/atk-1.0 -I/usr/local/Cellar/glib/2.50.0/include/glib-2.0 -I/usr/local/Cellar/glib/2.50.0/lib/glib-2.0/include -I/usr/local/opt/gettext/include -I/usr/local/Cellar/cairo/1.14.6_1/include/cairo -I/usr/local/Cellar/cairo/1.14.6_1/include/cairo -I/usr/local/Cellar/cairo/1.14.6_1/include/cairo -I/usr/local/Cellar/glib/2.50.0/include/glib-2.0 -I/usr/local/Cellar/glib/2.50.0/lib/glib-2.0/include -I/usr/local/opt/gettext/include -I/usr/local/Cellar/glib/2.50.0/include/glib-2.0 -I/usr/local/Cellar/glib/2.50.0/lib/glib-2.0/include -I/usr/local/opt/gettext/include -I/usr/local/Cellar/gdk-pixbuf/2.36.0/include/gdk-pixbuf-2.0 -I/usr/local/Cellar/glib/2.50.0/include/glib-2.0 -I/usr/local/Cellar/glib/2.50.0/lib/glib-2.0/include -I/usr/local/opt/gettext/include -I/usr/local/Cellar/glib/2.50.0/include/glib-2.0 -I/usr/local/Cellar/glib/2.50.0/lib/glib-2.0/include -I/usr/local/opt/gettext/include -I/usr/local/Cellar/glib/2.50.0/include/glib-2.0 -I/usr/local/Cellar/glib/2.50.0/lib/glib-2.0/include -I/usr/local/opt/gettext/include";
				SWIFT_FORCE_DYNAMIC_LINK_STDLIB = YES;
				SWIFT_FORCE_STATIC_LINK_STDLIB = NO;
				SWIFT_VERSION = 3.0;
			};
			name = Release;
		};
		"___DebugConf_Coconut" /* Debug */ = {
			isa = XCBuildConfiguration;
			buildSettings = {
				FRAMEWORK_SEARCH_PATHS = "$(PLATFORM_DIR)/Developer/Library/Frameworks";
				HEADER_SEARCH_PATHS = "/Users/dami/XCode/Creabox/Coconut/Packages/CGtk-1.0.0";
				LD_RUNPATH_SEARCH_PATHS = "$(TOOLCHAIN_DIR)/usr/lib/swift/macosx @executable_path";
				OTHER_LDFLAGS = (
					"$(inherited)",
					"-L/usr/local/Cellar/gtk+3/3.22.1/lib",
					"-lgtk-3",
					"-L/usr/local/Cellar/gtk+3/3.22.1/lib",
					"-lgdk-3",
					"-L/usr/local/Cellar/pango/1.40.3/lib",
					"-lpango-1.0",
					"-L/usr/local/Cellar/glib/2.50.0/lib",
					"-lglib-2.0",
					"-L/usr/local/opt/gettext/lib",
					"-lintl",
					"-L/usr/local/Cellar/glib/2.50.0/lib",
					"-lgobject-2.0",
					"-L/usr/local/Cellar/glib/2.50.0/lib",
					"-lglib-2.0",
					"-L/usr/local/opt/gettext/lib",
					"-lintl",
					"-L/usr/local/Cellar/pango/1.40.3/lib",
					"-lpangocairo-1.0",
					"-L/usr/local/Cellar/pango/1.40.3/lib",
					"-lpango-1.0",
					"-L/usr/local/Cellar/glib/2.50.0/lib",
					"-lglib-2.0",
					"-L/usr/local/opt/gettext/lib",
					"-lintl",
					"-L/usr/local/Cellar/glib/2.50.0/lib",
					"-lgobject-2.0",
					"-L/usr/local/Cellar/glib/2.50.0/lib",
					"-lglib-2.0",
					"-L/usr/local/opt/gettext/lib",
					"-lintl",
					"-L/usr/local/Cellar/cairo/1.14.6_1/lib",
					"-lcairo",
					"-L/usr/local/Cellar/gdk-pixbuf/2.36.0/lib",
					"-lgdk_pixbuf-2.0",
					"-L/usr/local/Cellar/glib/2.50.0/lib",
					"-lgobject-2.0",
					"-L/usr/local/Cellar/glib/2.50.0/lib",
					"-lglib-2.0",
					"-L/usr/local/opt/gettext/lib",
					"-lintl",
					"-L/usr/local/Cellar/cairo/1.14.6_1/lib",
					"-lcairo",
					"-L/usr/local/Cellar/cairo/1.14.6_1/lib",
					"-lcairo-gobject",
					"-L/usr/local/Cellar/cairo/1.14.6_1/lib",
					"-lcairo",
					"-L/usr/local/Cellar/glib/2.50.0/lib",
					"-lgobject-2.0",
					"-L/usr/local/Cellar/glib/2.50.0/lib",
					"-lglib-2.0",
					"-L/usr/local/opt/gettext/lib",
					"-lintl",
					"-L/usr/local/Cellar/glib/2.50.0/lib",
					"-lglib-2.0",
					"-L/usr/local/opt/gettext/lib",
					"-lintl",
					"-L/usr/local/Cellar/atk/2.22.0/lib",
					"-latk-1.0",
					"-L/usr/local/Cellar/glib/2.50.0/lib",
					"-lgobject-2.0",
					"-L/usr/local/Cellar/glib/2.50.0/lib",
					"-lglib-2.0",
					"-L/usr/local/opt/gettext/lib",
					"-lintl",
					"-L/usr/local/Cellar/cairo/1.14.6_1/lib",
					"-lcairo",
					"-L/usr/local/Cellar/cairo/1.14.6_1/lib",
					"-lcairo-gobject",
					"-L/usr/local/Cellar/cairo/1.14.6_1/lib",
					"-lcairo",
					"-L/usr/local/Cellar/glib/2.50.0/lib",
					"-lgobject-2.0",
					"-L/usr/local/Cellar/glib/2.50.0/lib",
					"-lglib-2.0",
					"-L/usr/local/opt/gettext/lib",
					"-lintl",
					"-L/usr/local/Cellar/glib/2.50.0/lib",
					"-lglib-2.0",
					"-L/usr/local/opt/gettext/lib",
					"-lintl",
					"-L/usr/local/Cellar/gdk-pixbuf/2.36.0/lib",
					"-lgdk_pixbuf-2.0",
					"-L/usr/local/Cellar/glib/2.50.0/lib",
					"-lgobject-2.0",
					"-L/usr/local/Cellar/glib/2.50.0/lib",
					"-lglib-2.0",
					"-L/usr/local/opt/gettext/lib",
					"-lintl",
					"-L/usr/local/Cellar/glib/2.50.0/lib",
					"-lgio-2.0",
					"-L/usr/local/Cellar/glib/2.50.0/lib",
					"-lglib-2.0",
					"-L/usr/local/opt/gettext/lib",
					"-lintl",
					"-L/usr/local/Cellar/glib/2.50.0/lib",
					"-lgobject-2.0",
					"-L/usr/local/Cellar/glib/2.50.0/lib",
					"-lglib-2.0",
					"-L/usr/local/opt/gettext/lib",
					"-lintl",
				);
				OTHER_SWIFT_FLAGS = "$(inherited) -I/usr/local/Cellar/gtk+3/3.22.1/include/gtk-3.0 -I/usr/local/Cellar/gtk+3/3.22.1/include/gtk-3.0 -I/usr/local/Cellar/pango/1.40.3/include/pango-1.0 -I/usr/local/Cellar/glib/2.50.0/include/glib-2.0 -I/usr/local/Cellar/glib/2.50.0/lib/glib-2.0/include -I/usr/local/opt/gettext/include -I/usr/local/Cellar/glib/2.50.0/include/glib-2.0 -I/usr/local/Cellar/glib/2.50.0/lib/glib-2.0/include -I/usr/local/opt/gettext/include -I/usr/local/Cellar/pango/1.40.3/include/pango-1.0 -I/usr/local/Cellar/pango/1.40.3/include/pango-1.0 -I/usr/local/Cellar/glib/2.50.0/include/glib-2.0 -I/usr/local/Cellar/glib/2.50.0/lib/glib-2.0/include -I/usr/local/opt/gettext/include -I/usr/local/Cellar/glib/2.50.0/include/glib-2.0 -I/usr/local/Cellar/glib/2.50.0/lib/glib-2.0/include -I/usr/local/opt/gettext/include -I/usr/local/Cellar/cairo/1.14.6_1/include/cairo -I/usr/local/Cellar/gdk-pixbuf/2.36.0/include/gdk-pixbuf-2.0 -I/usr/local/Cellar/glib/2.50.0/include/glib-2.0 -I/usr/local/Cellar/glib/2.50.0/lib/glib-2.0/include -I/usr/local/opt/gettext/include -I/usr/local/Cellar/cairo/1.14.6_1/include/cairo -I/usr/local/Cellar/cairo/1.14.6_1/include/cairo -I/usr/local/Cellar/cairo/1.14.6_1/include/cairo -I/usr/local/Cellar/glib/2.50.0/include/glib-2.0 -I/usr/local/Cellar/glib/2.50.0/lib/glib-2.0/include -I/usr/local/opt/gettext/include -I/usr/local/Cellar/glib/2.50.0/include/glib-2.0 -I/usr/local/Cellar/glib/2.50.0/lib/glib-2.0/include -I/usr/local/opt/gettext/include -I/usr/local/Cellar/atk/2.22.0/include/atk-1.0 -I/usr/local/Cellar/glib/2.50.0/include/glib-2.0 -I/usr/local/Cellar/glib/2.50.0/lib/glib-2.0/include -I/usr/local/opt/gettext/include -I/usr/local/Cellar/cairo/1.14.6_1/include/cairo -I/usr/local/Cellar/cairo/1.14.6_1/include/cairo -I/usr/local/Cellar/cairo/1.14.6_1/include/cairo -I/usr/local/Cellar/glib/2.50.0/include/glib-2.0 -I/usr/local/Cellar/glib/2.50.0/lib/glib-2.0/include -I/usr/local/opt/gettext/include -I/usr/local/Cellar/glib/2.50.0/include/glib-2.0 -I/usr/local/Cellar/glib/2.50.0/lib/glib-2.0/include -I/usr/local/opt/gettext/include -I/usr/local/Cellar/gdk-pixbuf/2.36.0/include/gdk-pixbuf-2.0 -I/usr/local/Cellar/glib/2.50.0/include/glib-2.0 -I/usr/local/Cellar/glib/2.50.0/lib/glib-2.0/include -I/usr/local/opt/gettext/include -I/usr/local/Cellar/glib/2.50.0/include/glib-2.0 -I/usr/local/Cellar/glib/2.50.0/lib/glib-2.0/include -I/usr/local/opt/gettext/include -I/usr/local/Cellar/glib/2.50.0/include/glib-2.0 -I/usr/local/Cellar/glib/2.50.0/lib/glib-2.0/include -I/usr/local/opt/gettext/include";
				SWIFT_FORCE_DYNAMIC_LINK_STDLIB = YES;
				SWIFT_FORCE_STATIC_LINK_STDLIB = NO;
				SWIFT_OPTIMIZATION_LEVEL = "-Onone";
				SWIFT_VERSION = 3.0;
			};
			name = Debug;
		};
		"_____Release_" /* Release */ = {
			isa = XCBuildConfiguration;
			baseConfigurationReference = __PBXFileRef_Coconut.xcodeproj/Configs/Project.xcconfig /* Coconut.xcodeproj/Configs/Project.xcconfig */;
			buildSettings = {
			};
			name = Release;
		};
		"_______Debug_" /* Debug */ = {
			isa = XCBuildConfiguration;
			baseConfigurationReference = __PBXFileRef_Coconut.xcodeproj/Configs/Project.xcconfig /* Coconut.xcodeproj/Configs/Project.xcconfig */;
			buildSettings = {
			};
			name = Debug;
		};
/* End XCBuildConfiguration section */

/* Begin XCConfigurationList section */
		"___RootConfs_" /* Build configuration list for PBXProject "Coconut" */ = {
			isa = XCConfigurationList;
			buildConfigurations = (
				"_______Debug_" /* Debug */,
				"_____Release_" /* Release */,
			);
			defaultConfigurationIsVisible = 0;
			defaultConfigurationName = Debug;
		};
		"_______Confs_Coconut" /* Build configuration list for PBXNativeTarget "Coconut" */ = {
			isa = XCConfigurationList;
			buildConfigurations = (
				"___DebugConf_Coconut" /* Debug */,
				_ReleaseConf_Coconut /* Release */,
			);
			defaultConfigurationIsVisible = 0;
			defaultConfigurationName = Debug;
		};
/* End XCConfigurationList section */
	};
	rootObject = __RootObject_ /* Project object */;
}
