// !$*UTF8*$!
{
    archiveVersion = 1;
    classes = {};
    objectVersion = 46;
    rootObject = __RootObject_;
    objects = {
        __RootObject_ = {
            isa = PBXProject;
            attributes = {LastUpgradeCheck = 9999;};
            buildConfigurationList = ___RootConfs_;
            compatibilityVersion = 'Xcode 3.2';
            developmentRegion = English;
            hasScannedForEncodings = 0;
            knownRegions = (en);
            mainGroup = ___RootGroup_;
            productRefGroup = ____Products_;
            projectDirPath = '';
            projectRoot = '';
            targets = (______Target_LibXml2Swift, ______Target_Coconut, ______Target_Coconut_converter);
        };
        '__PBXFileRef_Package.swift' = {
            isa = PBXFileReference;
            lastKnownFileType = sourcecode.swift;
            path = 'Package.swift';
            sourceTree = '<group>';
        };
        '__PBXFileRef_Files' = {
            isa = PBXFileReference;
            lastKnownFileType = folder;
            name = 'Files';
            path = 'Files';
            sourceTree = '<group>';
        };
        '__PBXFileRef_Tests' = {
            isa = PBXFileReference;
            lastKnownFileType = folder;
            name = 'Tests';
            path = 'Tests';
            sourceTree = '<group>';
        };
        ___RootGroup_ = {
            isa = PBXGroup;
            children = ('__PBXFileRef_Package.swift', _____Configs_, _____Sources_, '__PBXFileRef_Files','__PBXFileRef_Tests', Dependencies_, _______Tests_, ____Products_);
            sourceTree = '<group>';
        };
        _______Group_LibXml2Swift = {
            isa = PBXGroup;
            name = 'LibXml2Swift';
            path = 'Packages/LibXml2Swift-1.0.0/Sources/LibXml2Swift';
            sourceTree = '<group>';
            children = ('__PBXFileRef_Packages/LibXml2Swift-1.0.0/Sources/LibXml2Swift/XmlDomAttribute.swift', '__PBXFileRef_Packages/LibXml2Swift-1.0.0/Sources/LibXml2Swift/XmlDomDocument.swift', '__PBXFileRef_Packages/LibXml2Swift-1.0.0/Sources/LibXml2Swift/XmlDomElement.swift', '__PBXFileRef_Packages/LibXml2Swift-1.0.0/Sources/LibXml2Swift/XmlDomNode.swift', '__PBXFileRef_Packages/LibXml2Swift-1.0.0/Sources/LibXml2Swift/XmlDomReader.swift', '__PBXFileRef_Packages/LibXml2Swift-1.0.0/Sources/LibXml2Swift/XmlDomTextNode.swift');
        };
        '__PBXFileRef_Packages/LibXml2Swift-1.0.0/Sources/LibXml2Swift/XmlDomAttribute.swift' = {
            isa = PBXFileReference;
            lastKnownFileType = sourcecode.swift;
            path = 'XmlDomAttribute.swift';
            sourceTree = '<group>';
        };
        '__PBXFileRef_Packages/LibXml2Swift-1.0.0/Sources/LibXml2Swift/XmlDomDocument.swift' = {
            isa = PBXFileReference;
            lastKnownFileType = sourcecode.swift;
            path = 'XmlDomDocument.swift';
            sourceTree = '<group>';
        };
        '__PBXFileRef_Packages/LibXml2Swift-1.0.0/Sources/LibXml2Swift/XmlDomElement.swift' = {
            isa = PBXFileReference;
            lastKnownFileType = sourcecode.swift;
            path = 'XmlDomElement.swift';
            sourceTree = '<group>';
        };
        '__PBXFileRef_Packages/LibXml2Swift-1.0.0/Sources/LibXml2Swift/XmlDomNode.swift' = {
            isa = PBXFileReference;
            lastKnownFileType = sourcecode.swift;
            path = 'XmlDomNode.swift';
            sourceTree = '<group>';
        };
        '__PBXFileRef_Packages/LibXml2Swift-1.0.0/Sources/LibXml2Swift/XmlDomReader.swift' = {
            isa = PBXFileReference;
            lastKnownFileType = sourcecode.swift;
            path = 'XmlDomReader.swift';
            sourceTree = '<group>';
        };
        '__PBXFileRef_Packages/LibXml2Swift-1.0.0/Sources/LibXml2Swift/XmlDomTextNode.swift' = {
            isa = PBXFileReference;
            lastKnownFileType = sourcecode.swift;
            path = 'XmlDomTextNode.swift';
            sourceTree = '<group>';
        };
        ______Target_LibXml2Swift = {
            isa = PBXNativeTarget;
            buildConfigurationList = _______Confs_LibXml2Swift;
            buildPhases = (CompilePhase_LibXml2Swift, ___LinkPhase_LibXml2Swift);
            buildRules = ();
            dependencies = ();
            name = 'LibXml2Swift';
            productName = LibXml2Swift;
            productReference = _____Product_LibXml2Swift;
            productType = 'com.apple.product-type.framework';
        };
        _____Product_LibXml2Swift = {
            isa = PBXFileReference;
            explicitFileType = 'wrapper.framework';
            path = 'LibXml2Swift.framework';
            sourceTree = BUILT_PRODUCTS_DIR;
        };
        CompilePhase_LibXml2Swift = {
            isa = PBXSourcesBuildPhase;
            files = ('__src_cc_ref_Packages/LibXml2Swift-1.0.0/Sources/LibXml2Swift/XmlDomAttribute.swift', '__src_cc_ref_Packages/LibXml2Swift-1.0.0/Sources/LibXml2Swift/XmlDomDocument.swift', '__src_cc_ref_Packages/LibXml2Swift-1.0.0/Sources/LibXml2Swift/XmlDomElement.swift', '__src_cc_ref_Packages/LibXml2Swift-1.0.0/Sources/LibXml2Swift/XmlDomNode.swift', '__src_cc_ref_Packages/LibXml2Swift-1.0.0/Sources/LibXml2Swift/XmlDomReader.swift', '__src_cc_ref_Packages/LibXml2Swift-1.0.0/Sources/LibXml2Swift/XmlDomTextNode.swift');
            runOnlyForDeploymentPostprocessing = 0;
        };
        '__src_cc_ref_Packages/LibXml2Swift-1.0.0/Sources/LibXml2Swift/XmlDomAttribute.swift' = {
            isa = PBXBuildFile;
            fileRef = '__PBXFileRef_Packages/LibXml2Swift-1.0.0/Sources/LibXml2Swift/XmlDomAttribute.swift';
        };
        '__src_cc_ref_Packages/LibXml2Swift-1.0.0/Sources/LibXml2Swift/XmlDomDocument.swift' = {
            isa = PBXBuildFile;
            fileRef = '__PBXFileRef_Packages/LibXml2Swift-1.0.0/Sources/LibXml2Swift/XmlDomDocument.swift';
        };
        '__src_cc_ref_Packages/LibXml2Swift-1.0.0/Sources/LibXml2Swift/XmlDomElement.swift' = {
            isa = PBXBuildFile;
            fileRef = '__PBXFileRef_Packages/LibXml2Swift-1.0.0/Sources/LibXml2Swift/XmlDomElement.swift';
        };
        '__src_cc_ref_Packages/LibXml2Swift-1.0.0/Sources/LibXml2Swift/XmlDomNode.swift' = {
            isa = PBXBuildFile;
            fileRef = '__PBXFileRef_Packages/LibXml2Swift-1.0.0/Sources/LibXml2Swift/XmlDomNode.swift';
        };
        '__src_cc_ref_Packages/LibXml2Swift-1.0.0/Sources/LibXml2Swift/XmlDomReader.swift' = {
            isa = PBXBuildFile;
            fileRef = '__PBXFileRef_Packages/LibXml2Swift-1.0.0/Sources/LibXml2Swift/XmlDomReader.swift';
        };
        '__src_cc_ref_Packages/LibXml2Swift-1.0.0/Sources/LibXml2Swift/XmlDomTextNode.swift' = {
            isa = PBXBuildFile;
            fileRef = '__PBXFileRef_Packages/LibXml2Swift-1.0.0/Sources/LibXml2Swift/XmlDomTextNode.swift';
        };
        ___LinkPhase_LibXml2Swift = {
            isa = PBXFrameworksBuildPhase;
            files = ();
            runOnlyForDeploymentPostprocessing = 0;
        };
        _______Confs_LibXml2Swift = {
            isa = XCConfigurationList;
            buildConfigurations = (___DebugConf_LibXml2Swift, _ReleaseConf_LibXml2Swift);
            defaultConfigurationIsVisible = 0;
            defaultConfigurationName = Debug;
        };
        ___DebugConf_LibXml2Swift = {
            isa = XCBuildConfiguration;
            buildSettings = { SWIFT_VERSION = '3.0'; LD_RUNPATH_SEARCH_PATHS = '$(TOOLCHAIN_DIR)/usr/lib/swift/macosx'; PRODUCT_MODULE_NAME = '$(TARGET_NAME:c99extidentifier)'; ENABLE_TESTABILITY = 'YES'; OTHER_SWIFT_FLAGS = '$(inherited) -I/usr/local/Cellar/libxml2/2.9.4/include/libxml2'; INFOPLIST_FILE = 'Coconut.xcodeproj/LibXml2Swift_Info.plist'; FRAMEWORK_SEARCH_PATHS = '$(PLATFORM_DIR)/Developer/Library/Frameworks'; SWIFT_OPTIMIZATION_LEVEL = '-Onone'; HEADER_SEARCH_PATHS = '/Users/dami/XCode/Creabox/Coconut/Packages/CLibxml-0.0.1'; PRODUCT_BUNDLE_IDENTIFIER = 'LibXml2Swift'; PRODUCT_NAME = '$(TARGET_NAME:c99extidentifier)'; OTHER_LDFLAGS = '$(inherited) -L/usr/local/Cellar/libxml2/2.9.4/lib -lxml2'; };
            name = Debug;
        };
        _ReleaseConf_LibXml2Swift = {
            isa = XCBuildConfiguration;
            buildSettings = { SWIFT_VERSION = '3.0'; LD_RUNPATH_SEARCH_PATHS = '$(TOOLCHAIN_DIR)/usr/lib/swift/macosx'; PRODUCT_MODULE_NAME = '$(TARGET_NAME:c99extidentifier)'; ENABLE_TESTABILITY = 'YES'; OTHER_SWIFT_FLAGS = '$(inherited) -I/usr/local/Cellar/libxml2/2.9.4/include/libxml2'; INFOPLIST_FILE = 'Coconut.xcodeproj/LibXml2Swift_Info.plist'; FRAMEWORK_SEARCH_PATHS = '$(PLATFORM_DIR)/Developer/Library/Frameworks'; HEADER_SEARCH_PATHS = '/Users/dami/XCode/Creabox/Coconut/Packages/CLibxml-0.0.1'; PRODUCT_BUNDLE_IDENTIFIER = 'LibXml2Swift'; PRODUCT_NAME = '$(TARGET_NAME:c99extidentifier)'; OTHER_LDFLAGS = '$(inherited) -L/usr/local/Cellar/libxml2/2.9.4/lib -lxml2'; };
            name = Release;
        };
        __Dependency_LibXml2Swift = {
            isa = PBXTargetDependency;
            target = ______Target_LibXml2Swift;
        };
        _______Group_Coconut = {
            isa = PBXGroup;
            name = 'Coconut';
            path = 'Sources/Coconut';
            sourceTree = '<group>';
            children = ('__PBXFileRef_Sources/Coconut/main.swift', '__PBXFileRef_Sources/Coconut/Application/Action.swift', '__PBXFileRef_Sources/Coconut/Application/Application.swift', '__PBXFileRef_Sources/Coconut/Application/Button.swift', '__PBXFileRef_Sources/Coconut/Application/Color.swift', '__PBXFileRef_Sources/Coconut/Application/Control.swift', '__PBXFileRef_Sources/Coconut/Application/Screen.swift', '__PBXFileRef_Sources/Coconut/Application/ToImplement.swift', '__PBXFileRef_Sources/Coconut/Application/View.swift', '__PBXFileRef_Sources/Coconut/Application/ViewController.swift', '__PBXFileRef_Sources/Coconut/Application/Window.swift', '__PBXFileRef_Sources/Coconut/Cocoa/Cocoa.swift', '__PBXFileRef_Sources/Coconut/Gtk/Callbacks.swift', '__PBXFileRef_Sources/Coconut/Gtk/ContainerView.swift', '__PBXFileRef_Sources/Coconut/Gtk/Macros.swift', '__PBXFileRef_Sources/Coconut/Sample/MainNibSample.swift', '__PBXFileRef_Sources/Coconut/Sample/SimpleApplicationDelegate.swift', '__PBXFileRef_Sources/Coconut/UI/UIDefinition.swift', '__PBXFileRef_Sources/Coconut/UI/UIFactory.swift');
        };
        '__PBXFileRef_Sources/Coconut/main.swift' = {
            isa = PBXFileReference;
            lastKnownFileType = sourcecode.swift;
            path = 'main.swift';
            sourceTree = '<group>';
        };
        '__PBXFileRef_Sources/Coconut/Application/Action.swift' = {
            isa = PBXFileReference;
            lastKnownFileType = sourcecode.swift;
            path = 'Application/Action.swift';
            sourceTree = '<group>';
        };
        '__PBXFileRef_Sources/Coconut/Application/Application.swift' = {
            isa = PBXFileReference;
            lastKnownFileType = sourcecode.swift;
            path = 'Application/Application.swift';
            sourceTree = '<group>';
        };
        '__PBXFileRef_Sources/Coconut/Application/Button.swift' = {
            isa = PBXFileReference;
            lastKnownFileType = sourcecode.swift;
            path = 'Application/Button.swift';
            sourceTree = '<group>';
        };
        '__PBXFileRef_Sources/Coconut/Application/Color.swift' = {
            isa = PBXFileReference;
            lastKnownFileType = sourcecode.swift;
            path = 'Application/Color.swift';
            sourceTree = '<group>';
        };
        '__PBXFileRef_Sources/Coconut/Application/Control.swift' = {
            isa = PBXFileReference;
            lastKnownFileType = sourcecode.swift;
            path = 'Application/Control.swift';
            sourceTree = '<group>';
        };
        '__PBXFileRef_Sources/Coconut/Application/Screen.swift' = {
            isa = PBXFileReference;
            lastKnownFileType = sourcecode.swift;
            path = 'Application/Screen.swift';
            sourceTree = '<group>';
        };
        '__PBXFileRef_Sources/Coconut/Application/ToImplement.swift' = {
            isa = PBXFileReference;
            lastKnownFileType = sourcecode.swift;
            path = 'Application/ToImplement.swift';
            sourceTree = '<group>';
        };
        '__PBXFileRef_Sources/Coconut/Application/View.swift' = {
            isa = PBXFileReference;
            lastKnownFileType = sourcecode.swift;
            path = 'Application/View.swift';
            sourceTree = '<group>';
        };
        '__PBXFileRef_Sources/Coconut/Application/ViewController.swift' = {
            isa = PBXFileReference;
            lastKnownFileType = sourcecode.swift;
            path = 'Application/ViewController.swift';
            sourceTree = '<group>';
        };
        '__PBXFileRef_Sources/Coconut/Application/Window.swift' = {
            isa = PBXFileReference;
            lastKnownFileType = sourcecode.swift;
            path = 'Application/Window.swift';
            sourceTree = '<group>';
        };
        '__PBXFileRef_Sources/Coconut/Cocoa/Cocoa.swift' = {
            isa = PBXFileReference;
            lastKnownFileType = sourcecode.swift;
            path = 'Cocoa/Cocoa.swift';
            sourceTree = '<group>';
        };
        '__PBXFileRef_Sources/Coconut/Gtk/Callbacks.swift' = {
            isa = PBXFileReference;
            lastKnownFileType = sourcecode.swift;
            path = 'Gtk/Callbacks.swift';
            sourceTree = '<group>';
        };
        '__PBXFileRef_Sources/Coconut/Gtk/ContainerView.swift' = {
            isa = PBXFileReference;
            lastKnownFileType = sourcecode.swift;
            path = 'Gtk/ContainerView.swift';
            sourceTree = '<group>';
        };
        '__PBXFileRef_Sources/Coconut/Gtk/Macros.swift' = {
            isa = PBXFileReference;
            lastKnownFileType = sourcecode.swift;
            path = 'Gtk/Macros.swift';
            sourceTree = '<group>';
        };
        '__PBXFileRef_Sources/Coconut/Sample/MainNibSample.swift' = {
            isa = PBXFileReference;
            lastKnownFileType = sourcecode.swift;
            path = 'Sample/MainNibSample.swift';
            sourceTree = '<group>';
        };
        '__PBXFileRef_Sources/Coconut/Sample/SimpleApplicationDelegate.swift' = {
            isa = PBXFileReference;
            lastKnownFileType = sourcecode.swift;
            path = 'Sample/SimpleApplicationDelegate.swift';
            sourceTree = '<group>';
        };
        '__PBXFileRef_Sources/Coconut/UI/UIDefinition.swift' = {
            isa = PBXFileReference;
            lastKnownFileType = sourcecode.swift;
            path = 'UI/UIDefinition.swift';
            sourceTree = '<group>';
        };
        '__PBXFileRef_Sources/Coconut/UI/UIFactory.swift' = {
            isa = PBXFileReference;
            lastKnownFileType = sourcecode.swift;
            path = 'UI/UIFactory.swift';
            sourceTree = '<group>';
        };
        ______Target_Coconut = {
            isa = PBXNativeTarget;
            buildConfigurationList = _______Confs_Coconut;
            buildPhases = (CompilePhase_Coconut, ___LinkPhase_Coconut);
            buildRules = ();
            dependencies = (__Dependency_LibXml2Swift);
            name = 'Coconut';
            productName = Coconut;
            productReference = _____Product_Coconut;
            productType = 'com.apple.product-type.tool';
        };
        _____Product_Coconut = {
            isa = PBXFileReference;
            explicitFileType = 'compiled.mach-o.executable';
            path = 'Coconut';
            sourceTree = BUILT_PRODUCTS_DIR;
        };
        CompilePhase_Coconut = {
            isa = PBXSourcesBuildPhase;
            files = ('__src_cc_ref_Sources/Coconut/main.swift', '__src_cc_ref_Sources/Coconut/Application/Action.swift', '__src_cc_ref_Sources/Coconut/Application/Application.swift', '__src_cc_ref_Sources/Coconut/Application/Button.swift', '__src_cc_ref_Sources/Coconut/Application/Color.swift', '__src_cc_ref_Sources/Coconut/Application/Control.swift', '__src_cc_ref_Sources/Coconut/Application/Screen.swift', '__src_cc_ref_Sources/Coconut/Application/ToImplement.swift', '__src_cc_ref_Sources/Coconut/Application/View.swift', '__src_cc_ref_Sources/Coconut/Application/ViewController.swift', '__src_cc_ref_Sources/Coconut/Application/Window.swift', '__src_cc_ref_Sources/Coconut/Cocoa/Cocoa.swift', '__src_cc_ref_Sources/Coconut/Gtk/Callbacks.swift', '__src_cc_ref_Sources/Coconut/Gtk/ContainerView.swift', '__src_cc_ref_Sources/Coconut/Gtk/Macros.swift', '__src_cc_ref_Sources/Coconut/Sample/MainNibSample.swift', '__src_cc_ref_Sources/Coconut/Sample/SimpleApplicationDelegate.swift', '__src_cc_ref_Sources/Coconut/UI/UIDefinition.swift', '__src_cc_ref_Sources/Coconut/UI/UIFactory.swift');
            runOnlyForDeploymentPostprocessing = 0;
        };
        '__src_cc_ref_Sources/Coconut/main.swift' = {
            isa = PBXBuildFile;
            fileRef = '__PBXFileRef_Sources/Coconut/main.swift';
        };
        '__src_cc_ref_Sources/Coconut/Application/Action.swift' = {
            isa = PBXBuildFile;
            fileRef = '__PBXFileRef_Sources/Coconut/Application/Action.swift';
        };
        '__src_cc_ref_Sources/Coconut/Application/Application.swift' = {
            isa = PBXBuildFile;
            fileRef = '__PBXFileRef_Sources/Coconut/Application/Application.swift';
        };
        '__src_cc_ref_Sources/Coconut/Application/Button.swift' = {
            isa = PBXBuildFile;
            fileRef = '__PBXFileRef_Sources/Coconut/Application/Button.swift';
        };
        '__src_cc_ref_Sources/Coconut/Application/Color.swift' = {
            isa = PBXBuildFile;
            fileRef = '__PBXFileRef_Sources/Coconut/Application/Color.swift';
        };
        '__src_cc_ref_Sources/Coconut/Application/Control.swift' = {
            isa = PBXBuildFile;
            fileRef = '__PBXFileRef_Sources/Coconut/Application/Control.swift';
        };
        '__src_cc_ref_Sources/Coconut/Application/Screen.swift' = {
            isa = PBXBuildFile;
            fileRef = '__PBXFileRef_Sources/Coconut/Application/Screen.swift';
        };
        '__src_cc_ref_Sources/Coconut/Application/ToImplement.swift' = {
            isa = PBXBuildFile;
            fileRef = '__PBXFileRef_Sources/Coconut/Application/ToImplement.swift';
        };
        '__src_cc_ref_Sources/Coconut/Application/View.swift' = {
            isa = PBXBuildFile;
            fileRef = '__PBXFileRef_Sources/Coconut/Application/View.swift';
        };
        '__src_cc_ref_Sources/Coconut/Application/ViewController.swift' = {
            isa = PBXBuildFile;
            fileRef = '__PBXFileRef_Sources/Coconut/Application/ViewController.swift';
        };
        '__src_cc_ref_Sources/Coconut/Application/Window.swift' = {
            isa = PBXBuildFile;
            fileRef = '__PBXFileRef_Sources/Coconut/Application/Window.swift';
        };
        '__src_cc_ref_Sources/Coconut/Cocoa/Cocoa.swift' = {
            isa = PBXBuildFile;
            fileRef = '__PBXFileRef_Sources/Coconut/Cocoa/Cocoa.swift';
        };
        '__src_cc_ref_Sources/Coconut/Gtk/Callbacks.swift' = {
            isa = PBXBuildFile;
            fileRef = '__PBXFileRef_Sources/Coconut/Gtk/Callbacks.swift';
        };
        '__src_cc_ref_Sources/Coconut/Gtk/ContainerView.swift' = {
            isa = PBXBuildFile;
            fileRef = '__PBXFileRef_Sources/Coconut/Gtk/ContainerView.swift';
        };
        '__src_cc_ref_Sources/Coconut/Gtk/Macros.swift' = {
            isa = PBXBuildFile;
            fileRef = '__PBXFileRef_Sources/Coconut/Gtk/Macros.swift';
        };
        '__src_cc_ref_Sources/Coconut/Sample/MainNibSample.swift' = {
            isa = PBXBuildFile;
            fileRef = '__PBXFileRef_Sources/Coconut/Sample/MainNibSample.swift';
        };
        '__src_cc_ref_Sources/Coconut/Sample/SimpleApplicationDelegate.swift' = {
            isa = PBXBuildFile;
            fileRef = '__PBXFileRef_Sources/Coconut/Sample/SimpleApplicationDelegate.swift';
        };
        '__src_cc_ref_Sources/Coconut/UI/UIDefinition.swift' = {
            isa = PBXBuildFile;
            fileRef = '__PBXFileRef_Sources/Coconut/UI/UIDefinition.swift';
        };
        '__src_cc_ref_Sources/Coconut/UI/UIFactory.swift' = {
            isa = PBXBuildFile;
            fileRef = '__PBXFileRef_Sources/Coconut/UI/UIFactory.swift';
        };
        ___LinkPhase_Coconut = {
            isa = PBXFrameworksBuildPhase;
            files = (_LinkFileRef_LibXml2Swift_via_Coconut);
            runOnlyForDeploymentPostprocessing = 0;
        };
        _LinkFileRef_LibXml2Swift_via_Coconut = {
            isa = PBXBuildFile;
            fileRef = _____Product_LibXml2Swift;
        };
        _______Confs_Coconut = {
            isa = XCConfigurationList;
            buildConfigurations = (___DebugConf_Coconut, _ReleaseConf_Coconut);
            defaultConfigurationIsVisible = 0;
            defaultConfigurationName = Debug;
        };
        ___DebugConf_Coconut = {
            isa = XCBuildConfiguration;
            buildSettings = { LD_RUNPATH_SEARCH_PATHS = '$(TOOLCHAIN_DIR)/usr/lib/swift/macosx @executable_path'; FRAMEWORK_SEARCH_PATHS = '$(PLATFORM_DIR)/Developer/Library/Frameworks'; HEADER_SEARCH_PATHS = '/Users/dami/XCode/Creabox/Coconut/Packages/CGtk-1.0.0 /Users/dami/XCode/Creabox/Coconut/Packages/CLibxml-0.0.1'; OTHER_SWIFT_FLAGS = '$(inherited) -I/usr/local/Cellar/gtk+3/3.22.1/include/gtk-3.0 -I/usr/local/Cellar/gtk+3/3.22.1/include/gtk-3.0 -I/usr/local/Cellar/pango/1.40.3/include/pango-1.0 -I/usr/local/Cellar/glib/2.50.0/include/glib-2.0 -I/usr/local/Cellar/glib/2.50.0/lib/glib-2.0/include -I/usr/local/opt/gettext/include -I/usr/local/Cellar/glib/2.50.0/include/glib-2.0 -I/usr/local/Cellar/glib/2.50.0/lib/glib-2.0/include -I/usr/local/opt/gettext/include -I/usr/local/Cellar/pango/1.40.3/include/pango-1.0 -I/usr/local/Cellar/pango/1.40.3/include/pango-1.0 -I/usr/local/Cellar/glib/2.50.0/include/glib-2.0 -I/usr/local/Cellar/glib/2.50.0/lib/glib-2.0/include -I/usr/local/opt/gettext/include -I/usr/local/Cellar/glib/2.50.0/include/glib-2.0 -I/usr/local/Cellar/glib/2.50.0/lib/glib-2.0/include -I/usr/local/opt/gettext/include -I/usr/local/Cellar/cairo/1.14.6_1/include/cairo -I/usr/local/Cellar/gdk-pixbuf/2.36.0/include/gdk-pixbuf-2.0 -I/usr/local/Cellar/glib/2.50.0/include/glib-2.0 -I/usr/local/Cellar/glib/2.50.0/lib/glib-2.0/include -I/usr/local/opt/gettext/include -I/usr/local/Cellar/cairo/1.14.6_1/include/cairo -I/usr/local/Cellar/cairo/1.14.6_1/include/cairo -I/usr/local/Cellar/cairo/1.14.6_1/include/cairo -I/usr/local/Cellar/glib/2.50.0/include/glib-2.0 -I/usr/local/Cellar/glib/2.50.0/lib/glib-2.0/include -I/usr/local/opt/gettext/include -I/usr/local/Cellar/glib/2.50.0/include/glib-2.0 -I/usr/local/Cellar/glib/2.50.0/lib/glib-2.0/include -I/usr/local/opt/gettext/include -I/usr/local/Cellar/atk/2.22.0/include/atk-1.0 -I/usr/local/Cellar/glib/2.50.0/include/glib-2.0 -I/usr/local/Cellar/glib/2.50.0/lib/glib-2.0/include -I/usr/local/opt/gettext/include -I/usr/local/Cellar/cairo/1.14.6_1/include/cairo -I/usr/local/Cellar/cairo/1.14.6_1/include/cairo -I/usr/local/Cellar/cairo/1.14.6_1/include/cairo -I/usr/local/Cellar/glib/2.50.0/include/glib-2.0 -I/usr/local/Cellar/glib/2.50.0/lib/glib-2.0/include -I/usr/local/opt/gettext/include -I/usr/local/Cellar/glib/2.50.0/include/glib-2.0 -I/usr/local/Cellar/glib/2.50.0/lib/glib-2.0/include -I/usr/local/opt/gettext/include -I/usr/local/Cellar/gdk-pixbuf/2.36.0/include/gdk-pixbuf-2.0 -I/usr/local/Cellar/glib/2.50.0/include/glib-2.0 -I/usr/local/Cellar/glib/2.50.0/lib/glib-2.0/include -I/usr/local/opt/gettext/include -I/usr/local/Cellar/glib/2.50.0/include/glib-2.0 -I/usr/local/Cellar/glib/2.50.0/lib/glib-2.0/include -I/usr/local/opt/gettext/include -I/usr/local/Cellar/glib/2.50.0/include/glib-2.0 -I/usr/local/Cellar/glib/2.50.0/lib/glib-2.0/include -I/usr/local/opt/gettext/include -I/usr/local/Cellar/libxml2/2.9.4/include/libxml2'; SWIFT_FORCE_STATIC_LINK_STDLIB = 'NO'; SWIFT_FORCE_DYNAMIC_LINK_STDLIB = 'YES'; SWIFT_OPTIMIZATION_LEVEL = '-Onone'; OTHER_LDFLAGS = '$(inherited) -L/usr/local/Cellar/gtk+3/3.22.1/lib -lgtk-3 -L/usr/local/Cellar/gtk+3/3.22.1/lib -lgdk-3 -L/usr/local/Cellar/pango/1.40.3/lib -lpango-1.0 -L/usr/local/Cellar/glib/2.50.0/lib -lglib-2.0 -L/usr/local/opt/gettext/lib -lintl -L/usr/local/Cellar/glib/2.50.0/lib -lgobject-2.0 -L/usr/local/Cellar/glib/2.50.0/lib -lglib-2.0 -L/usr/local/opt/gettext/lib -lintl -L/usr/local/Cellar/pango/1.40.3/lib -lpangocairo-1.0 -L/usr/local/Cellar/pango/1.40.3/lib -lpango-1.0 -L/usr/local/Cellar/glib/2.50.0/lib -lglib-2.0 -L/usr/local/opt/gettext/lib -lintl -L/usr/local/Cellar/glib/2.50.0/lib -lgobject-2.0 -L/usr/local/Cellar/glib/2.50.0/lib -lglib-2.0 -L/usr/local/opt/gettext/lib -lintl -L/usr/local/Cellar/cairo/1.14.6_1/lib -lcairo -L/usr/local/Cellar/gdk-pixbuf/2.36.0/lib -lgdk_pixbuf-2.0 -L/usr/local/Cellar/glib/2.50.0/lib -lgobject-2.0 -L/usr/local/Cellar/glib/2.50.0/lib -lglib-2.0 -L/usr/local/opt/gettext/lib -lintl -L/usr/local/Cellar/cairo/1.14.6_1/lib -lcairo -L/usr/local/Cellar/cairo/1.14.6_1/lib -lcairo-gobject -L/usr/local/Cellar/cairo/1.14.6_1/lib -lcairo -L/usr/local/Cellar/glib/2.50.0/lib -lgobject-2.0 -L/usr/local/Cellar/glib/2.50.0/lib -lglib-2.0 -L/usr/local/opt/gettext/lib -lintl -L/usr/local/Cellar/glib/2.50.0/lib -lglib-2.0 -L/usr/local/opt/gettext/lib -lintl -L/usr/local/Cellar/atk/2.22.0/lib -latk-1.0 -L/usr/local/Cellar/glib/2.50.0/lib -lgobject-2.0 -L/usr/local/Cellar/glib/2.50.0/lib -lglib-2.0 -L/usr/local/opt/gettext/lib -lintl -L/usr/local/Cellar/cairo/1.14.6_1/lib -lcairo -L/usr/local/Cellar/cairo/1.14.6_1/lib -lcairo-gobject -L/usr/local/Cellar/cairo/1.14.6_1/lib -lcairo -L/usr/local/Cellar/glib/2.50.0/lib -lgobject-2.0 -L/usr/local/Cellar/glib/2.50.0/lib -lglib-2.0 -L/usr/local/opt/gettext/lib -lintl -L/usr/local/Cellar/glib/2.50.0/lib -lglib-2.0 -L/usr/local/opt/gettext/lib -lintl -L/usr/local/Cellar/gdk-pixbuf/2.36.0/lib -lgdk_pixbuf-2.0 -L/usr/local/Cellar/glib/2.50.0/lib -lgobject-2.0 -L/usr/local/Cellar/glib/2.50.0/lib -lglib-2.0 -L/usr/local/opt/gettext/lib -lintl -L/usr/local/Cellar/glib/2.50.0/lib -lgio-2.0 -L/usr/local/Cellar/glib/2.50.0/lib -lglib-2.0 -L/usr/local/opt/gettext/lib -lintl -L/usr/local/Cellar/glib/2.50.0/lib -lgobject-2.0 -L/usr/local/Cellar/glib/2.50.0/lib -lglib-2.0 -L/usr/local/opt/gettext/lib -lintl -L/usr/local/Cellar/libxml2/2.9.4/lib -lxml2'; SWIFT_VERSION = '3.0'; };
            name = Debug;
        };
        _ReleaseConf_Coconut = {
            isa = XCBuildConfiguration;
            buildSettings = { LD_RUNPATH_SEARCH_PATHS = '$(TOOLCHAIN_DIR)/usr/lib/swift/macosx @executable_path'; FRAMEWORK_SEARCH_PATHS = '$(PLATFORM_DIR)/Developer/Library/Frameworks'; HEADER_SEARCH_PATHS = '/Users/dami/XCode/Creabox/Coconut/Packages/CGtk-1.0.0 /Users/dami/XCode/Creabox/Coconut/Packages/CLibxml-0.0.1'; OTHER_SWIFT_FLAGS = '$(inherited) -I/usr/local/Cellar/gtk+3/3.22.1/include/gtk-3.0 -I/usr/local/Cellar/gtk+3/3.22.1/include/gtk-3.0 -I/usr/local/Cellar/pango/1.40.3/include/pango-1.0 -I/usr/local/Cellar/glib/2.50.0/include/glib-2.0 -I/usr/local/Cellar/glib/2.50.0/lib/glib-2.0/include -I/usr/local/opt/gettext/include -I/usr/local/Cellar/glib/2.50.0/include/glib-2.0 -I/usr/local/Cellar/glib/2.50.0/lib/glib-2.0/include -I/usr/local/opt/gettext/include -I/usr/local/Cellar/pango/1.40.3/include/pango-1.0 -I/usr/local/Cellar/pango/1.40.3/include/pango-1.0 -I/usr/local/Cellar/glib/2.50.0/include/glib-2.0 -I/usr/local/Cellar/glib/2.50.0/lib/glib-2.0/include -I/usr/local/opt/gettext/include -I/usr/local/Cellar/glib/2.50.0/include/glib-2.0 -I/usr/local/Cellar/glib/2.50.0/lib/glib-2.0/include -I/usr/local/opt/gettext/include -I/usr/local/Cellar/cairo/1.14.6_1/include/cairo -I/usr/local/Cellar/gdk-pixbuf/2.36.0/include/gdk-pixbuf-2.0 -I/usr/local/Cellar/glib/2.50.0/include/glib-2.0 -I/usr/local/Cellar/glib/2.50.0/lib/glib-2.0/include -I/usr/local/opt/gettext/include -I/usr/local/Cellar/cairo/1.14.6_1/include/cairo -I/usr/local/Cellar/cairo/1.14.6_1/include/cairo -I/usr/local/Cellar/cairo/1.14.6_1/include/cairo -I/usr/local/Cellar/glib/2.50.0/include/glib-2.0 -I/usr/local/Cellar/glib/2.50.0/lib/glib-2.0/include -I/usr/local/opt/gettext/include -I/usr/local/Cellar/glib/2.50.0/include/glib-2.0 -I/usr/local/Cellar/glib/2.50.0/lib/glib-2.0/include -I/usr/local/opt/gettext/include -I/usr/local/Cellar/atk/2.22.0/include/atk-1.0 -I/usr/local/Cellar/glib/2.50.0/include/glib-2.0 -I/usr/local/Cellar/glib/2.50.0/lib/glib-2.0/include -I/usr/local/opt/gettext/include -I/usr/local/Cellar/cairo/1.14.6_1/include/cairo -I/usr/local/Cellar/cairo/1.14.6_1/include/cairo -I/usr/local/Cellar/cairo/1.14.6_1/include/cairo -I/usr/local/Cellar/glib/2.50.0/include/glib-2.0 -I/usr/local/Cellar/glib/2.50.0/lib/glib-2.0/include -I/usr/local/opt/gettext/include -I/usr/local/Cellar/glib/2.50.0/include/glib-2.0 -I/usr/local/Cellar/glib/2.50.0/lib/glib-2.0/include -I/usr/local/opt/gettext/include -I/usr/local/Cellar/gdk-pixbuf/2.36.0/include/gdk-pixbuf-2.0 -I/usr/local/Cellar/glib/2.50.0/include/glib-2.0 -I/usr/local/Cellar/glib/2.50.0/lib/glib-2.0/include -I/usr/local/opt/gettext/include -I/usr/local/Cellar/glib/2.50.0/include/glib-2.0 -I/usr/local/Cellar/glib/2.50.0/lib/glib-2.0/include -I/usr/local/opt/gettext/include -I/usr/local/Cellar/glib/2.50.0/include/glib-2.0 -I/usr/local/Cellar/glib/2.50.0/lib/glib-2.0/include -I/usr/local/opt/gettext/include -I/usr/local/Cellar/libxml2/2.9.4/include/libxml2'; SWIFT_FORCE_STATIC_LINK_STDLIB = 'NO'; SWIFT_FORCE_DYNAMIC_LINK_STDLIB = 'YES'; OTHER_LDFLAGS = '$(inherited) -L/usr/local/Cellar/gtk+3/3.22.1/lib -lgtk-3 -L/usr/local/Cellar/gtk+3/3.22.1/lib -lgdk-3 -L/usr/local/Cellar/pango/1.40.3/lib -lpango-1.0 -L/usr/local/Cellar/glib/2.50.0/lib -lglib-2.0 -L/usr/local/opt/gettext/lib -lintl -L/usr/local/Cellar/glib/2.50.0/lib -lgobject-2.0 -L/usr/local/Cellar/glib/2.50.0/lib -lglib-2.0 -L/usr/local/opt/gettext/lib -lintl -L/usr/local/Cellar/pango/1.40.3/lib -lpangocairo-1.0 -L/usr/local/Cellar/pango/1.40.3/lib -lpango-1.0 -L/usr/local/Cellar/glib/2.50.0/lib -lglib-2.0 -L/usr/local/opt/gettext/lib -lintl -L/usr/local/Cellar/glib/2.50.0/lib -lgobject-2.0 -L/usr/local/Cellar/glib/2.50.0/lib -lglib-2.0 -L/usr/local/opt/gettext/lib -lintl -L/usr/local/Cellar/cairo/1.14.6_1/lib -lcairo -L/usr/local/Cellar/gdk-pixbuf/2.36.0/lib -lgdk_pixbuf-2.0 -L/usr/local/Cellar/glib/2.50.0/lib -lgobject-2.0 -L/usr/local/Cellar/glib/2.50.0/lib -lglib-2.0 -L/usr/local/opt/gettext/lib -lintl -L/usr/local/Cellar/cairo/1.14.6_1/lib -lcairo -L/usr/local/Cellar/cairo/1.14.6_1/lib -lcairo-gobject -L/usr/local/Cellar/cairo/1.14.6_1/lib -lcairo -L/usr/local/Cellar/glib/2.50.0/lib -lgobject-2.0 -L/usr/local/Cellar/glib/2.50.0/lib -lglib-2.0 -L/usr/local/opt/gettext/lib -lintl -L/usr/local/Cellar/glib/2.50.0/lib -lglib-2.0 -L/usr/local/opt/gettext/lib -lintl -L/usr/local/Cellar/atk/2.22.0/lib -latk-1.0 -L/usr/local/Cellar/glib/2.50.0/lib -lgobject-2.0 -L/usr/local/Cellar/glib/2.50.0/lib -lglib-2.0 -L/usr/local/opt/gettext/lib -lintl -L/usr/local/Cellar/cairo/1.14.6_1/lib -lcairo -L/usr/local/Cellar/cairo/1.14.6_1/lib -lcairo-gobject -L/usr/local/Cellar/cairo/1.14.6_1/lib -lcairo -L/usr/local/Cellar/glib/2.50.0/lib -lgobject-2.0 -L/usr/local/Cellar/glib/2.50.0/lib -lglib-2.0 -L/usr/local/opt/gettext/lib -lintl -L/usr/local/Cellar/glib/2.50.0/lib -lglib-2.0 -L/usr/local/opt/gettext/lib -lintl -L/usr/local/Cellar/gdk-pixbuf/2.36.0/lib -lgdk_pixbuf-2.0 -L/usr/local/Cellar/glib/2.50.0/lib -lgobject-2.0 -L/usr/local/Cellar/glib/2.50.0/lib -lglib-2.0 -L/usr/local/opt/gettext/lib -lintl -L/usr/local/Cellar/glib/2.50.0/lib -lgio-2.0 -L/usr/local/Cellar/glib/2.50.0/lib -lglib-2.0 -L/usr/local/opt/gettext/lib -lintl -L/usr/local/Cellar/glib/2.50.0/lib -lgobject-2.0 -L/usr/local/Cellar/glib/2.50.0/lib -lglib-2.0 -L/usr/local/opt/gettext/lib -lintl -L/usr/local/Cellar/libxml2/2.9.4/lib -lxml2'; SWIFT_VERSION = '3.0'; };
            name = Release;
        };
        __Dependency_Coconut = {
            isa = PBXTargetDependency;
            target = ______Target_Coconut;
        };
        _______Group_Coconut_converter = {
            isa = PBXGroup;
            name = 'Coconut-converter';
            path = 'Sources/Coconut-converter';
            sourceTree = '<group>';
            children = ('__PBXFileRef_Sources/Coconut-converter/DefaultParserDelegate.swift', '__PBXFileRef_Sources/Coconut-converter/main.swift', '__PBXFileRef_Sources/Coconut-converter/NibParserDelegate.swift');
        };
        '__PBXFileRef_Sources/Coconut-converter/DefaultParserDelegate.swift' = {
            isa = PBXFileReference;
            lastKnownFileType = sourcecode.swift;
            path = 'DefaultParserDelegate.swift';
            sourceTree = '<group>';
        };
        '__PBXFileRef_Sources/Coconut-converter/main.swift' = {
            isa = PBXFileReference;
            lastKnownFileType = sourcecode.swift;
            path = 'main.swift';
            sourceTree = '<group>';
        };
        '__PBXFileRef_Sources/Coconut-converter/NibParserDelegate.swift' = {
            isa = PBXFileReference;
            lastKnownFileType = sourcecode.swift;
            path = 'NibParserDelegate.swift';
            sourceTree = '<group>';
        };
        ______Target_Coconut_converter = {
            isa = PBXNativeTarget;
            buildConfigurationList = _______Confs_Coconut_converter;
            buildPhases = (CompilePhase_Coconut_converter, ___LinkPhase_Coconut_converter);
            buildRules = ();
            dependencies = (__Dependency_LibXml2Swift);
            name = 'Coconut-converter';
            productName = Coconut_converter;
            productReference = _____Product_Coconut_converter;
            productType = 'com.apple.product-type.tool';
        };
        _____Product_Coconut_converter = {
            isa = PBXFileReference;
            explicitFileType = 'compiled.mach-o.executable';
            path = 'Coconut-converter';
            sourceTree = BUILT_PRODUCTS_DIR;
        };
        CompilePhase_Coconut_converter = {
            isa = PBXSourcesBuildPhase;
            files = ('__src_cc_ref_Sources/Coconut-converter/DefaultParserDelegate.swift', '__src_cc_ref_Sources/Coconut-converter/main.swift', '__src_cc_ref_Sources/Coconut-converter/NibParserDelegate.swift');
            runOnlyForDeploymentPostprocessing = 0;
        };
        '__src_cc_ref_Sources/Coconut-converter/DefaultParserDelegate.swift' = {
            isa = PBXBuildFile;
            fileRef = '__PBXFileRef_Sources/Coconut-converter/DefaultParserDelegate.swift';
        };
        '__src_cc_ref_Sources/Coconut-converter/main.swift' = {
            isa = PBXBuildFile;
            fileRef = '__PBXFileRef_Sources/Coconut-converter/main.swift';
        };
        '__src_cc_ref_Sources/Coconut-converter/NibParserDelegate.swift' = {
            isa = PBXBuildFile;
            fileRef = '__PBXFileRef_Sources/Coconut-converter/NibParserDelegate.swift';
        };
        ___LinkPhase_Coconut_converter = {
            isa = PBXFrameworksBuildPhase;
            files = (_LinkFileRef_LibXml2Swift_via_Coconut_converter);
            runOnlyForDeploymentPostprocessing = 0;
        };
        _LinkFileRef_LibXml2Swift_via_Coconut_converter = {
            isa = PBXBuildFile;
            fileRef = _____Product_LibXml2Swift;
        };
        _______Confs_Coconut_converter = {
            isa = XCConfigurationList;
            buildConfigurations = (___DebugConf_Coconut_converter, _ReleaseConf_Coconut_converter);
            defaultConfigurationIsVisible = 0;
            defaultConfigurationName = Debug;
        };
        ___DebugConf_Coconut_converter = {
            isa = XCBuildConfiguration;
            buildSettings = { LD_RUNPATH_SEARCH_PATHS = '$(TOOLCHAIN_DIR)/usr/lib/swift/macosx @executable_path'; FRAMEWORK_SEARCH_PATHS = '$(PLATFORM_DIR)/Developer/Library/Frameworks'; HEADER_SEARCH_PATHS = '/Users/dami/XCode/Creabox/Coconut/Packages/CGtk-1.0.0 /Users/dami/XCode/Creabox/Coconut/Packages/CLibxml-0.0.1'; OTHER_SWIFT_FLAGS = '$(inherited) -I/usr/local/Cellar/gtk+3/3.22.1/include/gtk-3.0 -I/usr/local/Cellar/gtk+3/3.22.1/include/gtk-3.0 -I/usr/local/Cellar/pango/1.40.3/include/pango-1.0 -I/usr/local/Cellar/glib/2.50.0/include/glib-2.0 -I/usr/local/Cellar/glib/2.50.0/lib/glib-2.0/include -I/usr/local/opt/gettext/include -I/usr/local/Cellar/glib/2.50.0/include/glib-2.0 -I/usr/local/Cellar/glib/2.50.0/lib/glib-2.0/include -I/usr/local/opt/gettext/include -I/usr/local/Cellar/pango/1.40.3/include/pango-1.0 -I/usr/local/Cellar/pango/1.40.3/include/pango-1.0 -I/usr/local/Cellar/glib/2.50.0/include/glib-2.0 -I/usr/local/Cellar/glib/2.50.0/lib/glib-2.0/include -I/usr/local/opt/gettext/include -I/usr/local/Cellar/glib/2.50.0/include/glib-2.0 -I/usr/local/Cellar/glib/2.50.0/lib/glib-2.0/include -I/usr/local/opt/gettext/include -I/usr/local/Cellar/cairo/1.14.6_1/include/cairo -I/usr/local/Cellar/gdk-pixbuf/2.36.0/include/gdk-pixbuf-2.0 -I/usr/local/Cellar/glib/2.50.0/include/glib-2.0 -I/usr/local/Cellar/glib/2.50.0/lib/glib-2.0/include -I/usr/local/opt/gettext/include -I/usr/local/Cellar/cairo/1.14.6_1/include/cairo -I/usr/local/Cellar/cairo/1.14.6_1/include/cairo -I/usr/local/Cellar/cairo/1.14.6_1/include/cairo -I/usr/local/Cellar/glib/2.50.0/include/glib-2.0 -I/usr/local/Cellar/glib/2.50.0/lib/glib-2.0/include -I/usr/local/opt/gettext/include -I/usr/local/Cellar/glib/2.50.0/include/glib-2.0 -I/usr/local/Cellar/glib/2.50.0/lib/glib-2.0/include -I/usr/local/opt/gettext/include -I/usr/local/Cellar/atk/2.22.0/include/atk-1.0 -I/usr/local/Cellar/glib/2.50.0/include/glib-2.0 -I/usr/local/Cellar/glib/2.50.0/lib/glib-2.0/include -I/usr/local/opt/gettext/include -I/usr/local/Cellar/cairo/1.14.6_1/include/cairo -I/usr/local/Cellar/cairo/1.14.6_1/include/cairo -I/usr/local/Cellar/cairo/1.14.6_1/include/cairo -I/usr/local/Cellar/glib/2.50.0/include/glib-2.0 -I/usr/local/Cellar/glib/2.50.0/lib/glib-2.0/include -I/usr/local/opt/gettext/include -I/usr/local/Cellar/glib/2.50.0/include/glib-2.0 -I/usr/local/Cellar/glib/2.50.0/lib/glib-2.0/include -I/usr/local/opt/gettext/include -I/usr/local/Cellar/gdk-pixbuf/2.36.0/include/gdk-pixbuf-2.0 -I/usr/local/Cellar/glib/2.50.0/include/glib-2.0 -I/usr/local/Cellar/glib/2.50.0/lib/glib-2.0/include -I/usr/local/opt/gettext/include -I/usr/local/Cellar/glib/2.50.0/include/glib-2.0 -I/usr/local/Cellar/glib/2.50.0/lib/glib-2.0/include -I/usr/local/opt/gettext/include -I/usr/local/Cellar/glib/2.50.0/include/glib-2.0 -I/usr/local/Cellar/glib/2.50.0/lib/glib-2.0/include -I/usr/local/opt/gettext/include -I/usr/local/Cellar/libxml2/2.9.4/include/libxml2'; SWIFT_FORCE_STATIC_LINK_STDLIB = 'NO'; SWIFT_FORCE_DYNAMIC_LINK_STDLIB = 'YES'; SWIFT_OPTIMIZATION_LEVEL = '-Onone'; OTHER_LDFLAGS = '$(inherited) -L/usr/local/Cellar/gtk+3/3.22.1/lib -lgtk-3 -L/usr/local/Cellar/gtk+3/3.22.1/lib -lgdk-3 -L/usr/local/Cellar/pango/1.40.3/lib -lpango-1.0 -L/usr/local/Cellar/glib/2.50.0/lib -lglib-2.0 -L/usr/local/opt/gettext/lib -lintl -L/usr/local/Cellar/glib/2.50.0/lib -lgobject-2.0 -L/usr/local/Cellar/glib/2.50.0/lib -lglib-2.0 -L/usr/local/opt/gettext/lib -lintl -L/usr/local/Cellar/pango/1.40.3/lib -lpangocairo-1.0 -L/usr/local/Cellar/pango/1.40.3/lib -lpango-1.0 -L/usr/local/Cellar/glib/2.50.0/lib -lglib-2.0 -L/usr/local/opt/gettext/lib -lintl -L/usr/local/Cellar/glib/2.50.0/lib -lgobject-2.0 -L/usr/local/Cellar/glib/2.50.0/lib -lglib-2.0 -L/usr/local/opt/gettext/lib -lintl -L/usr/local/Cellar/cairo/1.14.6_1/lib -lcairo -L/usr/local/Cellar/gdk-pixbuf/2.36.0/lib -lgdk_pixbuf-2.0 -L/usr/local/Cellar/glib/2.50.0/lib -lgobject-2.0 -L/usr/local/Cellar/glib/2.50.0/lib -lglib-2.0 -L/usr/local/opt/gettext/lib -lintl -L/usr/local/Cellar/cairo/1.14.6_1/lib -lcairo -L/usr/local/Cellar/cairo/1.14.6_1/lib -lcairo-gobject -L/usr/local/Cellar/cairo/1.14.6_1/lib -lcairo -L/usr/local/Cellar/glib/2.50.0/lib -lgobject-2.0 -L/usr/local/Cellar/glib/2.50.0/lib -lglib-2.0 -L/usr/local/opt/gettext/lib -lintl -L/usr/local/Cellar/glib/2.50.0/lib -lglib-2.0 -L/usr/local/opt/gettext/lib -lintl -L/usr/local/Cellar/atk/2.22.0/lib -latk-1.0 -L/usr/local/Cellar/glib/2.50.0/lib -lgobject-2.0 -L/usr/local/Cellar/glib/2.50.0/lib -lglib-2.0 -L/usr/local/opt/gettext/lib -lintl -L/usr/local/Cellar/cairo/1.14.6_1/lib -lcairo -L/usr/local/Cellar/cairo/1.14.6_1/lib -lcairo-gobject -L/usr/local/Cellar/cairo/1.14.6_1/lib -lcairo -L/usr/local/Cellar/glib/2.50.0/lib -lgobject-2.0 -L/usr/local/Cellar/glib/2.50.0/lib -lglib-2.0 -L/usr/local/opt/gettext/lib -lintl -L/usr/local/Cellar/glib/2.50.0/lib -lglib-2.0 -L/usr/local/opt/gettext/lib -lintl -L/usr/local/Cellar/gdk-pixbuf/2.36.0/lib -lgdk_pixbuf-2.0 -L/usr/local/Cellar/glib/2.50.0/lib -lgobject-2.0 -L/usr/local/Cellar/glib/2.50.0/lib -lglib-2.0 -L/usr/local/opt/gettext/lib -lintl -L/usr/local/Cellar/glib/2.50.0/lib -lgio-2.0 -L/usr/local/Cellar/glib/2.50.0/lib -lglib-2.0 -L/usr/local/opt/gettext/lib -lintl -L/usr/local/Cellar/glib/2.50.0/lib -lgobject-2.0 -L/usr/local/Cellar/glib/2.50.0/lib -lglib-2.0 -L/usr/local/opt/gettext/lib -lintl -L/usr/local/Cellar/libxml2/2.9.4/lib -lxml2'; SWIFT_VERSION = '3.0'; };
            name = Debug;
        };
        _ReleaseConf_Coconut_converter = {
            isa = XCBuildConfiguration;
            buildSettings = { LD_RUNPATH_SEARCH_PATHS = '$(TOOLCHAIN_DIR)/usr/lib/swift/macosx @executable_path'; FRAMEWORK_SEARCH_PATHS = '$(PLATFORM_DIR)/Developer/Library/Frameworks'; HEADER_SEARCH_PATHS = '/Users/dami/XCode/Creabox/Coconut/Packages/CGtk-1.0.0 /Users/dami/XCode/Creabox/Coconut/Packages/CLibxml-0.0.1'; OTHER_SWIFT_FLAGS = '$(inherited) -I/usr/local/Cellar/gtk+3/3.22.1/include/gtk-3.0 -I/usr/local/Cellar/gtk+3/3.22.1/include/gtk-3.0 -I/usr/local/Cellar/pango/1.40.3/include/pango-1.0 -I/usr/local/Cellar/glib/2.50.0/include/glib-2.0 -I/usr/local/Cellar/glib/2.50.0/lib/glib-2.0/include -I/usr/local/opt/gettext/include -I/usr/local/Cellar/glib/2.50.0/include/glib-2.0 -I/usr/local/Cellar/glib/2.50.0/lib/glib-2.0/include -I/usr/local/opt/gettext/include -I/usr/local/Cellar/pango/1.40.3/include/pango-1.0 -I/usr/local/Cellar/pango/1.40.3/include/pango-1.0 -I/usr/local/Cellar/glib/2.50.0/include/glib-2.0 -I/usr/local/Cellar/glib/2.50.0/lib/glib-2.0/include -I/usr/local/opt/gettext/include -I/usr/local/Cellar/glib/2.50.0/include/glib-2.0 -I/usr/local/Cellar/glib/2.50.0/lib/glib-2.0/include -I/usr/local/opt/gettext/include -I/usr/local/Cellar/cairo/1.14.6_1/include/cairo -I/usr/local/Cellar/gdk-pixbuf/2.36.0/include/gdk-pixbuf-2.0 -I/usr/local/Cellar/glib/2.50.0/include/glib-2.0 -I/usr/local/Cellar/glib/2.50.0/lib/glib-2.0/include -I/usr/local/opt/gettext/include -I/usr/local/Cellar/cairo/1.14.6_1/include/cairo -I/usr/local/Cellar/cairo/1.14.6_1/include/cairo -I/usr/local/Cellar/cairo/1.14.6_1/include/cairo -I/usr/local/Cellar/glib/2.50.0/include/glib-2.0 -I/usr/local/Cellar/glib/2.50.0/lib/glib-2.0/include -I/usr/local/opt/gettext/include -I/usr/local/Cellar/glib/2.50.0/include/glib-2.0 -I/usr/local/Cellar/glib/2.50.0/lib/glib-2.0/include -I/usr/local/opt/gettext/include -I/usr/local/Cellar/atk/2.22.0/include/atk-1.0 -I/usr/local/Cellar/glib/2.50.0/include/glib-2.0 -I/usr/local/Cellar/glib/2.50.0/lib/glib-2.0/include -I/usr/local/opt/gettext/include -I/usr/local/Cellar/cairo/1.14.6_1/include/cairo -I/usr/local/Cellar/cairo/1.14.6_1/include/cairo -I/usr/local/Cellar/cairo/1.14.6_1/include/cairo -I/usr/local/Cellar/glib/2.50.0/include/glib-2.0 -I/usr/local/Cellar/glib/2.50.0/lib/glib-2.0/include -I/usr/local/opt/gettext/include -I/usr/local/Cellar/glib/2.50.0/include/glib-2.0 -I/usr/local/Cellar/glib/2.50.0/lib/glib-2.0/include -I/usr/local/opt/gettext/include -I/usr/local/Cellar/gdk-pixbuf/2.36.0/include/gdk-pixbuf-2.0 -I/usr/local/Cellar/glib/2.50.0/include/glib-2.0 -I/usr/local/Cellar/glib/2.50.0/lib/glib-2.0/include -I/usr/local/opt/gettext/include -I/usr/local/Cellar/glib/2.50.0/include/glib-2.0 -I/usr/local/Cellar/glib/2.50.0/lib/glib-2.0/include -I/usr/local/opt/gettext/include -I/usr/local/Cellar/glib/2.50.0/include/glib-2.0 -I/usr/local/Cellar/glib/2.50.0/lib/glib-2.0/include -I/usr/local/opt/gettext/include -I/usr/local/Cellar/libxml2/2.9.4/include/libxml2'; SWIFT_FORCE_STATIC_LINK_STDLIB = 'NO'; SWIFT_FORCE_DYNAMIC_LINK_STDLIB = 'YES'; OTHER_LDFLAGS = '$(inherited) -L/usr/local/Cellar/gtk+3/3.22.1/lib -lgtk-3 -L/usr/local/Cellar/gtk+3/3.22.1/lib -lgdk-3 -L/usr/local/Cellar/pango/1.40.3/lib -lpango-1.0 -L/usr/local/Cellar/glib/2.50.0/lib -lglib-2.0 -L/usr/local/opt/gettext/lib -lintl -L/usr/local/Cellar/glib/2.50.0/lib -lgobject-2.0 -L/usr/local/Cellar/glib/2.50.0/lib -lglib-2.0 -L/usr/local/opt/gettext/lib -lintl -L/usr/local/Cellar/pango/1.40.3/lib -lpangocairo-1.0 -L/usr/local/Cellar/pango/1.40.3/lib -lpango-1.0 -L/usr/local/Cellar/glib/2.50.0/lib -lglib-2.0 -L/usr/local/opt/gettext/lib -lintl -L/usr/local/Cellar/glib/2.50.0/lib -lgobject-2.0 -L/usr/local/Cellar/glib/2.50.0/lib -lglib-2.0 -L/usr/local/opt/gettext/lib -lintl -L/usr/local/Cellar/cairo/1.14.6_1/lib -lcairo -L/usr/local/Cellar/gdk-pixbuf/2.36.0/lib -lgdk_pixbuf-2.0 -L/usr/local/Cellar/glib/2.50.0/lib -lgobject-2.0 -L/usr/local/Cellar/glib/2.50.0/lib -lglib-2.0 -L/usr/local/opt/gettext/lib -lintl -L/usr/local/Cellar/cairo/1.14.6_1/lib -lcairo -L/usr/local/Cellar/cairo/1.14.6_1/lib -lcairo-gobject -L/usr/local/Cellar/cairo/1.14.6_1/lib -lcairo -L/usr/local/Cellar/glib/2.50.0/lib -lgobject-2.0 -L/usr/local/Cellar/glib/2.50.0/lib -lglib-2.0 -L/usr/local/opt/gettext/lib -lintl -L/usr/local/Cellar/glib/2.50.0/lib -lglib-2.0 -L/usr/local/opt/gettext/lib -lintl -L/usr/local/Cellar/atk/2.22.0/lib -latk-1.0 -L/usr/local/Cellar/glib/2.50.0/lib -lgobject-2.0 -L/usr/local/Cellar/glib/2.50.0/lib -lglib-2.0 -L/usr/local/opt/gettext/lib -lintl -L/usr/local/Cellar/cairo/1.14.6_1/lib -lcairo -L/usr/local/Cellar/cairo/1.14.6_1/lib -lcairo-gobject -L/usr/local/Cellar/cairo/1.14.6_1/lib -lcairo -L/usr/local/Cellar/glib/2.50.0/lib -lgobject-2.0 -L/usr/local/Cellar/glib/2.50.0/lib -lglib-2.0 -L/usr/local/opt/gettext/lib -lintl -L/usr/local/Cellar/glib/2.50.0/lib -lglib-2.0 -L/usr/local/opt/gettext/lib -lintl -L/usr/local/Cellar/gdk-pixbuf/2.36.0/lib -lgdk_pixbuf-2.0 -L/usr/local/Cellar/glib/2.50.0/lib -lgobject-2.0 -L/usr/local/Cellar/glib/2.50.0/lib -lglib-2.0 -L/usr/local/opt/gettext/lib -lintl -L/usr/local/Cellar/glib/2.50.0/lib -lgio-2.0 -L/usr/local/Cellar/glib/2.50.0/lib -lglib-2.0 -L/usr/local/opt/gettext/lib -lintl -L/usr/local/Cellar/glib/2.50.0/lib -lgobject-2.0 -L/usr/local/Cellar/glib/2.50.0/lib -lglib-2.0 -L/usr/local/opt/gettext/lib -lintl -L/usr/local/Cellar/libxml2/2.9.4/lib -lxml2'; SWIFT_VERSION = '3.0'; };
            name = Release;
        };
        __Dependency_Coconut_converter = {
            isa = PBXTargetDependency;
            target = ______Target_Coconut_converter;
        };
        '__PBXFileRef_Coconut.xcodeproj/Configs/Project.xcconfig' = {
            isa = PBXFileReference;
            lastKnownFileType = text.xcconfig;
            path = 'Coconut.xcodeproj/Configs/Project.xcconfig';
            sourceTree = '<group>';
        };
        _____Configs_ = {
            isa = PBXGroup;
            children = ('__PBXFileRef_Coconut.xcodeproj/Configs/Project.xcconfig');
            name = Configs;
            sourceTree = '<group>';
        };
        _____Sources_ = {
            isa = PBXGroup;
            children = (_______Group_LibXml2Swift, _______Group_Coconut, _______Group_Coconut_converter);
            name = Sources;
            sourceTree = '<group>';
        };
        Dependencies_ = {
            isa = PBXGroup;
            children = (_______Group_LibXml2Swift);
            name = Dependencies;
            sourceTree = '<group>';
        };
        ____Products_ = {
            isa = PBXGroup;
            children = (_____Product_LibXml2Swift, _____Product_Coconut, _____Product_Coconut_converter);
            name = Products;
            sourceTree = '<group>';
        };
        _______Debug_ = {
            isa = XCBuildConfiguration;
            baseConfigurationReference = '__PBXFileRef_Coconut.xcodeproj/Configs/Project.xcconfig';
            buildSettings = {};
            name = Debug;
        };
        _____Release_ = {
            isa = XCBuildConfiguration;
            baseConfigurationReference = '__PBXFileRef_Coconut.xcodeproj/Configs/Project.xcconfig';
            buildSettings = {};
            name = Release;
        };
        ___RootConfs_ = {
            isa = XCConfigurationList;
            buildConfigurations = (_______Debug_, _____Release_);
            defaultConfigurationIsVisible = 0;
            defaultConfigurationName = Debug;
        };
    };
}
